<?xml version="1.0" encoding="utf-8"?>
<Project ToolsVersion="4.0" xmlns="http://schemas.microsoft.com/developer/msbuild/2003">
  <ItemGroup>
    <ClCompile Include="arccmt.cpp">
      <Filter>Sources</Filter>
    </ClCompile>
    <ClCompile Include="archive.cpp">
      <Filter>Sources</Filter>
    </ClCompile>
    <ClCompile Include="arcread.cpp">
      <Filter>Sources</Filter>
    </ClCompile>
    <ClCompile Include="blake2s.cpp">
      <Filter>Sources</Filter>
    </ClCompile>
    <ClCompile Include="blake2s_sse.cpp">
      <Filter>Sources</Filter>
    </ClCompile>
    <ClCompile Include="blake2sp.cpp">
      <Filter>Sources</Filter>
    </ClCompile>
    <ClCompile Include="cmddata.cpp">
      <Filter>Sources</Filter>
    </ClCompile>
    <ClCompile Include="cmdfilter.cpp">
      <Filter>Sources</Filter>
    </ClCompile>
    <ClCompile Include="cmdmix.cpp">
      <Filter>Sources</Filter>
    </ClCompile>
    <ClCompile Include="coder.cpp">
      <Filter>Sources</Filter>
    </ClCompile>
    <ClCompile Include="consio.cpp">
      <Filter>Sources</Filter>
    </ClCompile>
    <ClCompile Include="crc.cpp">
      <Filter>Sources</Filter>
    </ClCompile>
    <ClCompile Include="crypt.cpp">
      <Filter>Sources</Filter>
    </ClCompile>
    <ClCompile Include="crypt1.cpp">
      <Filter>Sources</Filter>
    </ClCompile>
    <ClCompile Include="crypt2.cpp">
      <Filter>Sources</Filter>
    </ClCompile>
    <ClCompile Include="crypt3.cpp">
      <Filter>Sources</Filter>
    </ClCompile>
    <ClCompile Include="crypt5.cpp">
      <Filter>Sources</Filter>
    </ClCompile>
    <ClCompile Include="encname.cpp">
      <Filter>Sources</Filter>
    </ClCompile>
    <ClCompile Include="errhnd.cpp">
      <Filter>Sources</Filter>
    </ClCompile>
    <ClCompile Include="extinfo.cpp">
      <Filter>Sources</Filter>
    </ClCompile>
    <ClCompile Include="extract.cpp">
      <Filter>Sources</Filter>
    </ClCompile>
    <ClCompile Include="filcreat.cpp">
      <Filter>Sources</Filter>
    </ClCompile>
    <ClCompile Include="file.cpp">
      <Filter>Sources</Filter>
    </ClCompile>
    <ClCompile Include="filefn.cpp">
      <Filter>Sources</Filter>
    </ClCompile>
    <ClCompile Include="filestr.cpp">
      <Filter>Sources</Filter>
    </ClCompile>
    <ClCompile Include="find.cpp">
      <Filter>Sources</Filter>
    </ClCompile>
    <ClCompile Include="getbits.cpp">
      <Filter>Sources</Filter>
    </ClCompile>
    <ClCompile Include="global.cpp">
      <Filter>Sources</Filter>
    </ClCompile>
    <ClCompile Include="hardlinks.cpp">
      <Filter>Sources</Filter>
    </ClCompile>
    <ClCompile Include="hash.cpp">
      <Filter>Sources</Filter>
    </ClCompile>
    <ClCompile Include="headers.cpp">
      <Filter>Sources</Filter>
    </ClCompile>
    <ClCompile Include="isnt.cpp">
      <Filter>Sources</Filter>
    </ClCompile>
    <ClCompile Include="list.cpp">
      <Filter>Sources</Filter>
    </ClCompile>
    <ClCompile Include="log.cpp">
      <Filter>Sources</Filter>
    </ClCompile>
    <ClCompile Include="match.cpp">
      <Filter>Sources</Filter>
    </ClCompile>
    <ClCompile Include="model.cpp">
      <Filter>Sources</Filter>
    </ClCompile>
    <ClCompile Include="options.cpp">
      <Filter>Sources</Filter>
    </ClCompile>
    <ClCompile Include="pathfn.cpp">
      <Filter>Sources</Filter>
    </ClCompile>
    <ClCompile Include="qopen.cpp">
      <Filter>Sources</Filter>
    </ClCompile>
    <ClCompile Include="rar.cpp">
      <Filter>Sources</Filter>
    </ClCompile>
    <ClCompile Include="rarpch.cpp">
      <Filter>Sources</Filter>
    </ClCompile>
    <ClCompile Include="rarvm.cpp">
      <Filter>Sources</Filter>
    </ClCompile>
    <ClCompile Include="rawread.cpp">
      <Filter>Sources</Filter>
    </ClCompile>
    <ClCompile Include="rdwrfn.cpp">
      <Filter>Sources</Filter>
    </ClCompile>
    <ClCompile Include="recvol.cpp">
      <Filter>Sources</Filter>
    </ClCompile>
    <ClCompile Include="recvol3.cpp">
      <Filter>Sources</Filter>
    </ClCompile>
    <ClCompile Include="recvol5.cpp">
      <Filter>Sources</Filter>
    </ClCompile>
    <ClCompile Include="resource.cpp">
      <Filter>Sources</Filter>
    </ClCompile>
    <ClCompile Include="rijndael.cpp">
      <Filter>Sources</Filter>
    </ClCompile>
    <ClCompile Include="rs.cpp">
      <Filter>Sources</Filter>
    </ClCompile>
    <ClCompile Include="rs16.cpp">
      <Filter>Sources</Filter>
    </ClCompile>
    <ClCompile Include="scantree.cpp">
      <Filter>Sources</Filter>
    </ClCompile>
    <ClCompile Include="secpassword.cpp">
      <Filter>Sources</Filter>
    </ClCompile>
    <ClCompile Include="sha1.cpp">
      <Filter>Sources</Filter>
    </ClCompile>
    <ClCompile Include="sha256.cpp">
      <Filter>Sources</Filter>
    </ClCompile>
    <ClCompile Include="smallfn.cpp">
      <Filter>Sources</Filter>
    </ClCompile>
    <ClCompile Include="strfn.cpp">
      <Filter>Sources</Filter>
    </ClCompile>
    <ClCompile Include="strlist.cpp">
      <Filter>Sources</Filter>
    </ClCompile>
    <ClCompile Include="suballoc.cpp">
      <Filter>Sources</Filter>
    </ClCompile>
    <ClCompile Include="system.cpp">
      <Filter>Sources</Filter>
    </ClCompile>
    <ClCompile Include="threadmisc.cpp">
      <Filter>Sources</Filter>
    </ClCompile>
    <ClCompile Include="threadpool.cpp">
      <Filter>Sources</Filter>
    </ClCompile>
    <ClCompile Include="timefn.cpp">
      <Filter>Sources</Filter>
    </ClCompile>
    <ClCompile Include="ui.cpp">
      <Filter>Sources</Filter>
    </ClCompile>
    <ClCompile Include="uicommon.cpp">
      <Filter>Sources</Filter>
    </ClCompile>
    <ClCompile Include="uiconsole.cpp">
      <Filter>Sources</Filter>
    </ClCompile>
    <ClCompile Include="uisilent.cpp">
      <Filter>Sources</Filter>
    </ClCompile>
    <ClCompile Include="ulinks.cpp">
      <Filter>Sources</Filter>
    </ClCompile>
    <ClCompile Include="unicode.cpp">
      <Filter>Sources</Filter>
    </ClCompile>
    <ClCompile Include="unpack.cpp">
      <Filter>Sources</Filter>
    </ClCompile>
    <ClCompile Include="unpack15.cpp">
      <Filter>Sources</Filter>
    </ClCompile>
    <ClCompile Include="unpack20.cpp">
      <Filter>Sources</Filter>
    </ClCompile>
    <ClCompile Include="unpack30.cpp">
      <Filter>Sources</Filter>
    </ClCompile>
    <ClCompile Include="unpack50.cpp">
      <Filter>Sources</Filter>
    </ClCompile>
    <ClCompile Include="unpack50frag.cpp">
      <Filter>Sources</Filter>
    </ClCompile>
    <ClCompile Include="unpack50mt.cpp">
      <Filter>Sources</Filter>
    </ClCompile>
    <ClCompile Include="unpackinline.cpp">
      <Filter>Sources</Filter>
    </ClCompile>
    <ClCompile Include="uowners.cpp">
      <Filter>Sources</Filter>
    </ClCompile>
    <ClCompile Include="volume.cpp">
      <Filter>Sources</Filter>
    </ClCompile>
    <ClCompile Include="win32acl.cpp">
      <Filter>Sources</Filter>
    </ClCompile>
    <ClCompile Include="win32lnk.cpp">
      <Filter>Sources</Filter>
    </ClCompile>
    <ClCompile Include="win32stm.cpp">
      <Filter>Sources</Filter>
    </ClCompile>
  </ItemGroup>
  <ItemGroup>
    <Filter Include="Headers">
      <UniqueIdentifier>{1a991b08-63e3-474a-aba0-03577a08a98d}</UniqueIdentifier>
      <Extensions>h;hh;hpp;hxx;hm;inl;inc;ipp;xsd</Extensions>
    </Filter>
    <Filter Include="Sources">
      <UniqueIdentifier>{cfc3cec8-62b7-4178-92ad-afef7eb2e12c}</UniqueIdentifier>
      <Extensions>cpp;c;cc;cxx;def;odl;idl;hpj;bat;asm;asmx</Extensions>
    </Filter>
    <Filter Include="Resources">
      <UniqueIdentifier>{df487f14-faad-443c-8bfe-fcc22c23171e}</UniqueIdentifier>
      <Extensions>rc;ico;cur;bmp;dlg;rc2;rct;bin;rgs;gif;jpg;jpeg;jpe;resx;tiff;tif;png;wav;mfcribbon-ms</Extensions>
    </Filter>
  </ItemGroup>
  <ItemGroup>
    <ClInclude Include="archive.hpp">
      <Filter>Headers</Filter>
    </ClInclude>
    <ClInclude Include="array.hpp">
      <Filter>Headers</Filter>
    </ClInclude>
    <ClInclude Include="blake2s.hpp">
      <Filter>Headers</Filter>
    </ClInclude>
    <ClInclude Include="cmddata.hpp">
      <Filter>Headers</Filter>
    </ClInclude>
    <ClInclude Include="coder.hpp">
      <Filter>Headers</Filter>
    </ClInclude>
    <ClInclude Include="compress.hpp">
      <Filter>Headers</Filter>
    </ClInclude>
    <ClInclude Include="consio.hpp">
      <Filter>Headers</Filter>
    </ClInclude>
    <ClInclude Include="crc.hpp">
      <Filter>Headers</Filter>
    </ClInclude>
    <ClInclude Include="crypt.hpp">
      <Filter>Headers</Filter>
    </ClInclude>
    <ClInclude Include="encname.hpp">
      <Filter>Headers</Filter>
    </ClInclude>
    <ClInclude Include="errhnd.hpp">
      <Filter>Headers</Filter>
    </ClInclude>
    <ClInclude Include="extinfo.hpp">
      <Filter>Headers</Filter>
    </ClInclude>
    <ClInclude Include="extract.hpp">
      <Filter>Headers</Filter>
    </ClInclude>
    <ClInclude Include="filcreat.hpp">
      <Filter>Headers</Filter>
    </ClInclude>
    <ClInclude Include="file.hpp">
      <Filter>Headers</Filter>
    </ClInclude>
    <ClInclude Include="filefn.hpp">
      <Filter>Headers</Filter>
    </ClInclude>
    <ClInclude Include="filestr.hpp">
      <Filter>Headers</Filter>
    </ClInclude>
    <ClInclude Include="find.hpp">
      <Filter>Headers</Filter>
    </ClInclude>
    <ClInclude Include="getbits.hpp">
      <Filter>Headers</Filter>
    </ClInclude>
    <ClInclude Include="global.hpp">
      <Filter>Headers</Filter>
    </ClInclude>
    <ClInclude Include="hash.hpp">
      <Filter>Headers</Filter>
    </ClInclude>
    <ClInclude Include="headers.hpp">
      <Filter>Headers</Filter>
    </ClInclude>
    <ClInclude Include="headers5.hpp">
      <Filter>Headers</Filter>
    </ClInclude>
    <ClInclude Include="isnt.hpp">
      <Filter>Headers</Filter>
    </ClInclude>
    <ClInclude Include="list.hpp">
      <Filter>Headers</Filter>
    </ClInclude>
    <ClInclude Include="loclang.hpp">
      <Filter>Headers</Filter>
    </ClInclude>
    <ClInclude Include="log.hpp">
      <Filter>Headers</Filter>
    </ClInclude>
    <ClInclude Include="match.hpp">
      <Filter>Headers</Filter>
    </ClInclude>
    <ClInclude Include="model.hpp">
      <Filter>Headers</Filter>
    </ClInclude>
    <ClInclude Include="options.hpp">
      <Filter>Headers</Filter>
    </ClInclude>
    <ClInclude Include="os.hpp">
      <Filter>Headers</Filter>
    </ClInclude>
    <ClInclude Include="pathfn.hpp">
      <Filter>Headers</Filter>
    </ClInclude>
    <ClInclude Include="qopen.hpp">
      <Filter>Headers</Filter>
    </ClInclude>
    <ClInclude Include="rar.hpp">
      <Filter>Headers</Filter>
    </ClInclude>
    <ClInclude Include="rardefs.hpp">
      <Filter>Headers</Filter>
    </ClInclude>
    <ClInclude Include="rarlang.hpp">
      <Filter>Headers</Filter>
    </ClInclude>
    <ClInclude Include="raros.hpp">
      <Filter>Headers</Filter>
    </ClInclude>
    <ClInclude Include="rartypes.hpp">
      <Filter>Headers</Filter>
    </ClInclude>
    <ClInclude Include="rarvm.hpp">
      <Filter>Headers</Filter>
    </ClInclude>
    <ClInclude Include="rawint.hpp">
      <Filter>Headers</Filter>
    </ClInclude>
    <ClInclude Include="rawread.hpp">
      <Filter>Headers</Filter>
    </ClInclude>
    <ClInclude Include="rdwrfn.hpp">
      <Filter>Headers</Filter>
    </ClInclude>
    <ClInclude Include="recvol.hpp">
      <Filter>Headers</Filter>
    </ClInclude>
    <ClInclude Include="resource.hpp">
      <Filter>Headers</Filter>
    </ClInclude>
    <ClInclude Include="rijndael.hpp">
      <Filter>Headers</Filter>
    </ClInclude>
    <ClInclude Include="rs.hpp">
      <Filter>Headers</Filter>
    </ClInclude>
    <ClInclude Include="rs16.hpp">
      <Filter>Headers</Filter>
    </ClInclude>
    <ClInclude Include="scantree.hpp">
      <Filter>Headers</Filter>
    </ClInclude>
    <ClInclude Include="secpassword.hpp">
      <Filter>Headers</Filter>
    </ClInclude>
    <ClInclude Include="sha1.hpp">
      <Filter>Headers</Filter>
    </ClInclude>
    <ClInclude Include="sha256.hpp">
      <Filter>Headers</Filter>
    </ClInclude>
    <ClInclude Include="smallfn.hpp">
      <Filter>Headers</Filter>
    </ClInclude>
    <ClInclude Include="strfn.hpp">
      <Filter>Headers</Filter>
    </ClInclude>
    <ClInclude Include="strlist.hpp">
      <Filter>Headers</Filter>
    </ClInclude>
    <ClInclude Include="suballoc.hpp">
      <Filter>Headers</Filter>
    </ClInclude>
    <ClInclude Include="system.hpp">
      <Filter>Headers</Filter>
    </ClInclude>
    <ClInclude Include="threadpool.hpp">
      <Filter>Headers</Filter>
    </ClInclude>
    <ClInclude Include="timefn.hpp">
      <Filter>Headers</Filter>
    </ClInclude>
    <ClInclude Include="ui.hpp">
      <Filter>Headers</Filter>
    </ClInclude>
    <ClInclude Include="unicode.hpp">
      <Filter>Headers</Filter>
    </ClInclude>
    <ClInclude Include="unpack.hpp">
      <Filter>Headers</Filter>
    </ClInclude>
    <ClInclude Include="version.hpp">
      <Filter>Headers</Filter>
    </ClInclude>
    <ClInclude Include="volume.hpp">
      <Filter>Headers</Filter>
    </ClInclude>
  </ItemGroup>
  <ItemGroup>
    <ResourceCompile Include="dll.rc">
      <Filter>Resources</Filter>
    </ResourceCompile>
  </ItemGroup>
</Project>